
Microsoft Visual Studio Solution File, Format Version 12.00
# Visual Studio 15
VisualStudioVersion = 15.0.28307.329
MinimumVisualStudioVersion = 10.0.40219.1
Project("{FAE04EC0-301F-11D3-BF4B-00C04F79EFBC}") = "LicenceManager.Core", "LicenceManager.Core\LicenceManager.Core.csproj", "{4E46C524-EBDE-49DB-A177-3DC8C0C32A8B}"
EndProject
Project("{FAE04EC0-301F-11D3-BF4B-00C04F79EFBC}") = "LicenceManager.Core.Test", "LicenceManager.Core.Test\LicenceManager.Core.Test.csproj", "{52374471-9A65-413A-852D-FE92FEBB7A99}"
EndProject
Project("{FAE04EC0-301F-11D3-BF4B-00C04F79EFBC}") = "LicenceManager.UI", "LicenceManager.UI\LicenceManager.UI.csproj", "{89A0A73C-AE67-4287-A018-D2FC1635B0C3}"
EndProject
Global
	GlobalSection(SolutionConfigurationPlatforms) = preSolution
		Debug|Any CPU = Debug|Any CPU
		Release|Any CPU = Release|Any CPU
	EndGlobalSection
	GlobalSection(ProjectConfigurationPlatforms) = postSolution
		{4E46C524-EBDE-49DB-A177-3DC8C0C32A8B}.Debug|Any CPU.ActiveCfg = Debug|Any CPU
		{4E46C524-EBDE-49DB-A177-3DC8C0C32A8B}.Debug|Any CPU.Build.0 = Debug|Any CPU
		{4E46C524-EBDE-49DB-A177-3DC8C0C32A8B}.Release|Any CPU.ActiveCfg = Release|Any CPU
		{4E46C524-EBDE-49DB-A177-3DC8C0C32A8B}.Release|Any CPU.Build.0 = Release|Any CPU
		{52374471-9A65-413A-852D-FE92FEBB7A99}.Debug|Any CPU.ActiveCfg = Debug|Any CPU
		{52374471-9A65-413A-852D-FE92FEBB7A99}.Debug|Any CPU.Build.0 = Debug|Any CPU
		{52374471-9A65-413A-852D-FE92FEBB7A99}.Release|Any CPU.ActiveCfg = Release|Any CPU
		{52374471-9A65-413A-852D-FE92FEBB7A99}.Release|Any CPU.Build.0 = Release|Any CPU
		{89A0A73C-AE67-4287-A018-D2FC1635B0C3}.Debug|Any CPU.ActiveCfg = Debug|Any CPU
		{89A0A73C-AE67-4287-A018-D2FC1635B0C3}.Debug|Any CPU.Build.0 = Debug|Any CPU
		{89A0A73C-AE67-4287-A018-D2FC1635B0C3}.Release|Any CPU.ActiveCfg = Release|Any CPU
		{89A0A73C-AE67-4287-A018-D2FC1635B0C3}.Release|Any CPU.Build.0 = Release|Any CPU
	EndGlobalSection
	GlobalSection(SolutionProperties) = preSolution
		HideSolutionNode = FALSE
	EndGlobalSection
	GlobalSection(ExtensibilityGlobals) = postSolution
		SolutionGuid = {E720EEA9-AAEC-491A-B3A6-6924ED062326}
	EndGlobalSection
EndGlobal
